
Microsoft Visual Studio Solution File, Format Version 12.00
# Visual Studio Version 17
VisualStudioVersion = 17.8.34309.116
MinimumVisualStudioVersion = 10.0.40219.1
Project("{FAE04EC0-301F-11D3-BF4B-00C04F79EFBC}") = "fade-form", "fade-form\fade-form.csproj", "{8D2D3C1B-6A02-487E-885D-1E48B84003B2}"
EndProject
Global
	GlobalSection(SolutionConfigurationPlatforms) = preSolution
		Debug|Any CPU = Debug|Any CPU
		Release|Any CPU = Release|Any CPU
	EndGlobalSection
	GlobalSection(ProjectConfigurationPlatforms) = postSolution
		{8D2D3C1B-6A02-487E-885D-1E48B84003B2}.Debug|Any CPU.ActiveCfg = Debug|Any CPU
		{8D2D3C1B-6A02-487E-885D-1E48B84003B2}.Debug|Any CPU.Build.0 = Debug|Any CPU
		{8D2D3C1B-6A02-487E-885D-1E48B84003B2}.Release|Any CPU.ActiveCfg = Release|Any CPU
		{8D2D3C1B-6A02-487E-885D-1E48B84003B2}.Release|Any CPU.Build.0 = Release|Any CPU
	EndGlobalSection
	GlobalSection(SolutionProperties) = preSolution
		HideSolutionNode = FALSE
	EndGlobalSection
	GlobalSection(ExtensibilityGlobals) = postSolution
		SolutionGuid = {B0CF3796-DD43-4EC1-824F-3E43CB68DC1A}
	EndGlobalSection
EndGlobal
